
Microsoft Visual Studio Solution File, Format Version 12.00
# Visual Studio Express 2013 for Windows Desktop
VisualStudioVersion = 12.0.30723.0
MinimumVisualStudioVersion = 10.0.40219.1
Project("{FAE04EC0-301F-11D3-BF4B-00C04F79EFBC}") = "AviFileRename", "AviFileRename\AviFileRename.csproj", "{147C4174-F526-4D15-B1EA-9C142E145001}"
EndProject
Project("{FAE04EC0-301F-11D3-BF4B-00C04F79EFBC}") = "FindEmptyFolders", "FindEmptyFolders\FindEmptyFolders.csproj", "{5872D120-632D-40C4-8F7E-4C7AE278AFFF}"
EndProject
Project("{FAE04EC0-301F-11D3-BF4B-00C04F79EFBC}") = "WpfMovieDB", "WpfMovieDB\WpfMovieDB.csproj", "{9934CA97-CD89-44CE-9972-97FA0B9E56DF}"
EndProject
Project("{FAE04EC0-301F-11D3-BF4B-00C04F79EFBC}") = "iTunesNormaliser", "iTunesNormaliser\iTunesNormaliser.csproj", "{B5E27987-DBA8-4B4B-90EB-CAFAC7CD5A16}"
EndProject
Project("{FAE04EC0-301F-11D3-BF4B-00C04F79EFBC}") = "EntityCacheLib", "EntityCacheLib\EntityCacheLib.csproj", "{B2B56F3C-A262-4111-A572-C82DBEA68D8A}"
EndProject
Project("{FAE04EC0-301F-11D3-BF4B-00C04F79EFBC}") = "EntityConnectionTest", "EntityConnectionTest\EntityConnectionTest.csproj", "{9152662E-55D1-49A1-8D33-52A98526260B}"
EndProject
Project("{FAE04EC0-301F-11D3-BF4B-00C04F79EFBC}") = "EntityClientServerLib", "EntityClientServerLib\EntityClientServerLib.csproj", "{4396B5E8-F72C-4A41-9052-A899C753C85F}"
EndProject
Project("{FAE04EC0-301F-11D3-BF4B-00C04F79EFBC}") = "WPFMovieViewer", "WPFMovieViewer\WPFMovieViewer.csproj", "{101A2A17-A582-4C02-B2CC-F14307187364}"
EndProject
Project("{FAE04EC0-301F-11D3-BF4B-00C04F79EFBC}") = "FastPopulate", "FastPopulate\FastPopulate.csproj", "{593EF4ED-E7C6-4F5F-A86B-F45AD8AFE833}"
EndProject
Global
	GlobalSection(TeamFoundationVersionControl) = preSolution
		SccNumberOfProjects = 10
		SccEnterpriseProvider = {4CA58AB2-18FA-4F8D-95D4-32DDF27D184C}
		SccTeamFoundationServer = https://matthewhayhurst.visualstudio.com/defaultcollection
		SccLocalPath0 = .
		SccProjectUniqueName1 = AviFileRename\\AviFileRename.csproj
		SccProjectName1 = AviFileRename
		SccLocalPath1 = AviFileRename
		SccProjectUniqueName2 = EntityCacheLib\\EntityCacheLib.csproj
		SccProjectName2 = EntityCacheLib
		SccLocalPath2 = EntityCacheLib
		SccProjectUniqueName3 = EntityClientServerLib\\EntityClientServerLib.csproj
		SccProjectName3 = EntityClientServerLib
		SccLocalPath3 = EntityClientServerLib
		SccProjectUniqueName4 = EntityConnectionTest\\EntityConnectionTest.csproj
		SccProjectName4 = EntityConnectionTest
		SccLocalPath4 = EntityConnectionTest
		SccProjectUniqueName5 = FastPopulate\\FastPopulate.csproj
		SccProjectName5 = FastPopulate
		SccLocalPath5 = FastPopulate
		SccProjectUniqueName6 = FindEmptyFolders\\FindEmptyFolders.csproj
		SccProjectName6 = FindEmptyFolders
		SccLocalPath6 = FindEmptyFolders
		SccProjectUniqueName7 = iTunesNormaliser\\iTunesNormaliser.csproj
		SccProjectName7 = iTunesNormaliser
		SccLocalPath7 = iTunesNormaliser
		SccProjectUniqueName8 = WpfMovieDB\\WpfMovieDB.csproj
		SccProjectName8 = WpfMovieDB
		SccLocalPath8 = WpfMovieDB
		SccProjectUniqueName9 = WPFMovieViewer\\WPFMovieViewer.csproj
		SccProjectName9 = WPFMovieViewer
		SccLocalPath9 = WPFMovieViewer
	EndGlobalSection
	GlobalSection(SolutionConfigurationPlatforms) = preSolution
		Debug|Any CPU = Debug|Any CPU
		Release|Any CPU = Release|Any CPU
	EndGlobalSection
	GlobalSection(ProjectConfigurationPlatforms) = postSolution
		{147C4174-F526-4D15-B1EA-9C142E145001}.Debug|Any CPU.ActiveCfg = Debug|Any CPU
		{147C4174-F526-4D15-B1EA-9C142E145001}.Debug|Any CPU.Build.0 = Debug|Any CPU
		{147C4174-F526-4D15-B1EA-9C142E145001}.Release|Any CPU.ActiveCfg = Release|Any CPU
		{147C4174-F526-4D15-B1EA-9C142E145001}.Release|Any CPU.Build.0 = Release|Any CPU
		{5872D120-632D-40C4-8F7E-4C7AE278AFFF}.Debug|Any CPU.ActiveCfg = Debug|Any CPU
		{5872D120-632D-40C4-8F7E-4C7AE278AFFF}.Debug|Any CPU.Build.0 = Debug|Any CPU
		{5872D120-632D-40C4-8F7E-4C7AE278AFFF}.Release|Any CPU.ActiveCfg = Release|Any CPU
		{5872D120-632D-40C4-8F7E-4C7AE278AFFF}.Release|Any CPU.Build.0 = Release|Any CPU
		{9934CA97-CD89-44CE-9972-97FA0B9E56DF}.Debug|Any CPU.ActiveCfg = Debug|Any CPU
		{9934CA97-CD89-44CE-9972-97FA0B9E56DF}.Debug|Any CPU.Build.0 = Debug|Any CPU
		{9934CA97-CD89-44CE-9972-97FA0B9E56DF}.Release|Any CPU.ActiveCfg = Release|Any CPU
		{9934CA97-CD89-44CE-9972-97FA0B9E56DF}.Release|Any CPU.Build.0 = Release|Any CPU
		{B5E27987-DBA8-4B4B-90EB-CAFAC7CD5A16}.Debug|Any CPU.ActiveCfg = Debug|Any CPU
		{B5E27987-DBA8-4B4B-90EB-CAFAC7CD5A16}.Debug|Any CPU.Build.0 = Debug|Any CPU
		{B5E27987-DBA8-4B4B-90EB-CAFAC7CD5A16}.Release|Any CPU.ActiveCfg = Release|Any CPU
		{B5E27987-DBA8-4B4B-90EB-CAFAC7CD5A16}.Release|Any CPU.Build.0 = Release|Any CPU
		{B2B56F3C-A262-4111-A572-C82DBEA68D8A}.Debug|Any CPU.ActiveCfg = Debug|Any CPU
		{B2B56F3C-A262-4111-A572-C82DBEA68D8A}.Debug|Any CPU.Build.0 = Debug|Any CPU
		{B2B56F3C-A262-4111-A572-C82DBEA68D8A}.Release|Any CPU.ActiveCfg = Release|Any CPU
		{B2B56F3C-A262-4111-A572-C82DBEA68D8A}.Release|Any CPU.Build.0 = Release|Any CPU
		{9152662E-55D1-49A1-8D33-52A98526260B}.Debug|Any CPU.ActiveCfg = Debug|Any CPU
		{9152662E-55D1-49A1-8D33-52A98526260B}.Debug|Any CPU.Build.0 = Debug|Any CPU
		{9152662E-55D1-49A1-8D33-52A98526260B}.Release|Any CPU.ActiveCfg = Release|Any CPU
		{9152662E-55D1-49A1-8D33-52A98526260B}.Release|Any CPU.Build.0 = Release|Any CPU
		{4396B5E8-F72C-4A41-9052-A899C753C85F}.Debug|Any CPU.ActiveCfg = Debug|Any CPU
		{4396B5E8-F72C-4A41-9052-A899C753C85F}.Debug|Any CPU.Build.0 = Debug|Any CPU
		{4396B5E8-F72C-4A41-9052-A899C753C85F}.Release|Any CPU.ActiveCfg = Release|Any CPU
		{4396B5E8-F72C-4A41-9052-A899C753C85F}.Release|Any CPU.Build.0 = Release|Any CPU
		{101A2A17-A582-4C02-B2CC-F14307187364}.Debug|Any CPU.ActiveCfg = Debug|Any CPU
		{101A2A17-A582-4C02-B2CC-F14307187364}.Debug|Any CPU.Build.0 = Debug|Any CPU
		{101A2A17-A582-4C02-B2CC-F14307187364}.Release|Any CPU.ActiveCfg = Release|Any CPU
		{101A2A17-A582-4C02-B2CC-F14307187364}.Release|Any CPU.Build.0 = Release|Any CPU
		{593EF4ED-E7C6-4F5F-A86B-F45AD8AFE833}.Debug|Any CPU.ActiveCfg = Debug|Any CPU
		{593EF4ED-E7C6-4F5F-A86B-F45AD8AFE833}.Debug|Any CPU.Build.0 = Debug|Any CPU
		{593EF4ED-E7C6-4F5F-A86B-F45AD8AFE833}.Release|Any CPU.ActiveCfg = Release|Any CPU
		{593EF4ED-E7C6-4F5F-A86B-F45AD8AFE833}.Release|Any CPU.Build.0 = Release|Any CPU
	EndGlobalSection
	GlobalSection(SolutionProperties) = preSolution
		HideSolutionNode = FALSE
	EndGlobalSection
EndGlobal
